
Microsoft Visual Studio Solution File, Format Version 12.00
# Visual Studio Version 17
VisualStudioVersion = 17.0.32002.185
MinimumVisualStudioVersion = 10.0.40219.1
Project("{FAE04EC0-301F-11D3-BF4B-00C04F79EFBC}") = "PE2-ScrumBoard-Poniatowski-Maximilian", "PE2-ScrumBoard-Poniatowski-Maximilian\PE2-ScrumBoard-Poniatowski-Maximilian.csproj", "{FE3376F2-9757-468A-8699-8E3513BF2EE7}"
EndProject
Global
	GlobalSection(SolutionConfigurationPlatforms) = preSolution
		Debug|Any CPU = Debug|Any CPU
		Release|Any CPU = Release|Any CPU
	EndGlobalSection
	GlobalSection(ProjectConfigurationPlatforms) = postSolution
		{FE3376F2-9757-468A-8699-8E3513BF2EE7}.Debug|Any CPU.ActiveCfg = Debug|Any CPU
		{FE3376F2-9757-468A-8699-8E3513BF2EE7}.Debug|Any CPU.Build.0 = Debug|Any CPU
		{FE3376F2-9757-468A-8699-8E3513BF2EE7}.Release|Any CPU.ActiveCfg = Release|Any CPU
		{FE3376F2-9757-468A-8699-8E3513BF2EE7}.Release|Any CPU.Build.0 = Release|Any CPU
	EndGlobalSection
	GlobalSection(SolutionProperties) = preSolution
		HideSolutionNode = FALSE
	EndGlobalSection
	GlobalSection(ExtensibilityGlobals) = postSolution
		SolutionGuid = {13194AFE-D96C-4F23-BAA5-08D65E2F9F0E}
	EndGlobalSection
EndGlobal
